Microsoft Visual Studio Solution File, Format Version 12.00
# Visual Studio Version 17
VisualStudioVersion = 17.10.35122.118
MinimumVisualStudioVersion = 10.0.40219.1
Project("{FAE04EC0-301F-11D3-BF4B-00C04F79EFBC}") = "CustomVisionPredictionTestClient", "CustomVisionPredictionTestClient\CustomVisionPredictionTestClient\CustomVisionPredictionTestClient.csproj", "{94BF92A6-29C4-4590-8109-4CD53FD8F263}"
EndProject
Project("{FAE04EC0-301F-11D3-BF4B-00C04F79EFBC}") = "CustomVisionPredictionTestClient.Client", "CustomVisionPredictionTestClient\CustomVisionPredictionTestClient.Client\CustomVisionPredictionTestClient.Client.csproj", "{C3C0A149-A9B3-4112-9EEF-1532AD1F1722}"
EndProject
Global
	GlobalSection(ExtensibilityGlobals) = postSolution
		SolutionGuid = {F78E6418-59DA-4E38-9333-1E0A8CE13483}
	EndGlobalSection
	GlobalSection(ProjectConfigurationPlatforms) = postSolution
		{94BF92A6-29C4-4590-8109-4CD53FD8F263}.Debug|Any CPU.ActiveCfg = Debug|Any CPU
		{94BF92A6-29C4-4590-8109-4CD53FD8F263}.Debug|Any CPU.Build.0 = Debug|Any CPU
		{94BF92A6-29C4-4590-8109-4CD53FD8F263}.Release|Any CPU.ActiveCfg = Release|Any CPU
		{94BF92A6-29C4-4590-8109-4CD53FD8F263}.Release|Any CPU.Build.0 = Release|Any CPU
		{C3C0A149-A9B3-4112-9EEF-1532AD1F1722}.Debug|Any CPU.ActiveCfg = Debug|Any CPU
		{C3C0A149-A9B3-4112-9EEF-1532AD1F1722}.Debug|Any CPU.Build.0 = Debug|Any CPU
		{C3C0A149-A9B3-4112-9EEF-1532AD1F1722}.Release|Any CPU.ActiveCfg = Release|Any CPU
		{C3C0A149-A9B3-4112-9EEF-1532AD1F1722}.Release|Any CPU.Build.0 = Release|Any CPU
	EndGlobalSection
	GlobalSection(SolutionConfigurationPlatforms) = preSolution
		Debug|Any CPU = Debug|Any CPU
		Release|Any CPU = Release|Any CPU
	EndGlobalSection
	GlobalSection(SolutionProperties) = preSolution
		HideSolutionNode = FALSE
	EndGlobalSection
EndGlobal
